
Microsoft Visual Studio Solution File, Format Version 12.00
Project("{FAE04EC0-301F-11D3-BF4B-00C04F79EFBC}") = "MarketMonitor.Host", "MarketMonitor.Host\MarketMonitor.Host.csproj", "{17101379-3D46-4001-8F7C-D25DB61ECC67}"
EndProject
Project("{FAE04EC0-301F-11D3-BF4B-00C04F79EFBC}") = "MarketMonitor.Grains", "MarketMonitor.Grains\MarketMonitor.Grains.csproj", "{C0E24ABF-C50D-445E-A19D-8D5DBB579DC1}"
EndProject
Project("{FAE04EC0-301F-11D3-BF4B-00C04F79EFBC}") = "MarketDataClient", "MarketDataClient\MarketDataClient.csproj", "{5BABE2AF-B87C-4086-97ED-55CDFFDF9FC3}"
EndProject
Global
	GlobalSection(SolutionConfigurationPlatforms) = preSolution
		Debug|Any CPU = Debug|Any CPU
		Release|Any CPU = Release|Any CPU
	EndGlobalSection
	GlobalSection(ProjectConfigurationPlatforms) = postSolution
		{17101379-3D46-4001-8F7C-D25DB61ECC67}.Debug|Any CPU.ActiveCfg = Debug|Any CPU
		{17101379-3D46-4001-8F7C-D25DB61ECC67}.Debug|Any CPU.Build.0 = Debug|Any CPU
		{17101379-3D46-4001-8F7C-D25DB61ECC67}.Release|Any CPU.ActiveCfg = Release|Any CPU
		{17101379-3D46-4001-8F7C-D25DB61ECC67}.Release|Any CPU.Build.0 = Release|Any CPU
		{C0E24ABF-C50D-445E-A19D-8D5DBB579DC1}.Debug|Any CPU.ActiveCfg = Debug|Any CPU
		{C0E24ABF-C50D-445E-A19D-8D5DBB579DC1}.Debug|Any CPU.Build.0 = Debug|Any CPU
		{C0E24ABF-C50D-445E-A19D-8D5DBB579DC1}.Release|Any CPU.ActiveCfg = Release|Any CPU
		{C0E24ABF-C50D-445E-A19D-8D5DBB579DC1}.Release|Any CPU.Build.0 = Release|Any CPU
		{5BABE2AF-B87C-4086-97ED-55CDFFDF9FC3}.Debug|Any CPU.ActiveCfg = Debug|Any CPU
		{5BABE2AF-B87C-4086-97ED-55CDFFDF9FC3}.Debug|Any CPU.Build.0 = Debug|Any CPU
		{5BABE2AF-B87C-4086-97ED-55CDFFDF9FC3}.Release|Any CPU.ActiveCfg = Release|Any CPU
		{5BABE2AF-B87C-4086-97ED-55CDFFDF9FC3}.Release|Any CPU.Build.0 = Release|Any CPU
	EndGlobalSection
EndGlobal
